
Microsoft Visual Studio Solution File, Format Version 12.00
# Visual Studio Version 17
VisualStudioVersion = 17.2.32505.173
MinimumVisualStudioVersion = 10.0.40219.1
Project("{FAE04EC0-301F-11D3-BF4B-00C04F79EFBC}") = "FactoryMES.Core", "FactoryMES.Core\FactoryMES.Core.csproj", "{1B5FE29D-148C-4A07-9C76-50CA82EE0EAF}"
EndProject
Project("{FAE04EC0-301F-11D3-BF4B-00C04F79EFBC}") = "FactoryMES.DataAccess", "FactoryMES.DataAccess\FactoryMES.DataAccess.csproj", "{07D08A55-97E4-4FF2-8A01-E39FCE30D808}"
EndProject
Project("{FAE04EC0-301F-11D3-BF4B-00C04F79EFBC}") = "FactoryMES.Business", "FactoryMES.Business\FactoryMES.Business.csproj", "{0D968241-1F50-47CB-9251-908AA850996B}"
EndProject
Project("{FAE04EC0-301F-11D3-BF4B-00C04F79EFBC}") = "FactoryMES.Api", "FactoryMES.Api\FactoryMES.Api.csproj", "{ECCDE533-949F-4525-AFC4-74B3F62FE902}"
EndProject
Global
	GlobalSection(SolutionConfigurationPlatforms) = preSolution
		Debug|Any CPU = Debug|Any CPU
		Release|Any CPU = Release|Any CPU
	EndGlobalSection
	GlobalSection(ProjectConfigurationPlatforms) = postSolution
		{1B5FE29D-148C-4A07-9C76-50CA82EE0EAF}.Debug|Any CPU.ActiveCfg = Debug|Any CPU
		{1B5FE29D-148C-4A07-9C76-50CA82EE0EAF}.Debug|Any CPU.Build.0 = Debug|Any CPU
		{1B5FE29D-148C-4A07-9C76-50CA82EE0EAF}.Release|Any CPU.ActiveCfg = Release|Any CPU
		{1B5FE29D-148C-4A07-9C76-50CA82EE0EAF}.Release|Any CPU.Build.0 = Release|Any CPU
		{07D08A55-97E4-4FF2-8A01-E39FCE30D808}.Debug|Any CPU.ActiveCfg = Debug|Any CPU
		{07D08A55-97E4-4FF2-8A01-E39FCE30D808}.Debug|Any CPU.Build.0 = Debug|Any CPU
		{07D08A55-97E4-4FF2-8A01-E39FCE30D808}.Release|Any CPU.ActiveCfg = Release|Any CPU
		{07D08A55-97E4-4FF2-8A01-E39FCE30D808}.Release|Any CPU.Build.0 = Release|Any CPU
		{0D968241-1F50-47CB-9251-908AA850996B}.Debug|Any CPU.ActiveCfg = Debug|Any CPU
		{0D968241-1F50-47CB-9251-908AA850996B}.Debug|Any CPU.Build.0 = Debug|Any CPU
		{0D968241-1F50-47CB-9251-908AA850996B}.Release|Any CPU.ActiveCfg = Release|Any CPU
		{0D968241-1F50-47CB-9251-908AA850996B}.Release|Any CPU.Build.0 = Release|Any CPU
		{ECCDE533-949F-4525-AFC4-74B3F62FE902}.Debug|Any CPU.ActiveCfg = Debug|Any CPU
		{ECCDE533-949F-4525-AFC4-74B3F62FE902}.Debug|Any CPU.Build.0 = Debug|Any CPU
		{ECCDE533-949F-4525-AFC4-74B3F62FE902}.Release|Any CPU.ActiveCfg = Release|Any CPU
		{ECCDE533-949F-4525-AFC4-74B3F62FE902}.Release|Any CPU.Build.0 = Release|Any CPU
	EndGlobalSection
	GlobalSection(SolutionProperties) = preSolution
		HideSolutionNode = FALSE
	EndGlobalSection
	GlobalSection(ExtensibilityGlobals) = postSolution
		SolutionGuid = {1DDBF1C5-E0C7-43CB-B205-CF6F26CBDFEC}
	EndGlobalSection
EndGlobal
